
Microsoft Visual Studio Solution File, Format Version 12.00
# Visual Studio Version 16
VisualStudioVersion = 16.0.32126.315
MinimumVisualStudioVersion = 10.0.40219.1
Project("{8BC9CEB8-8B4A-11D0-8D11-00A0C91BC942}") = "lab_1", "с_2_kurs\с_2_kurs.vcxproj", "{630BBFC1-9120-4175-B414-42E8873F9B74}"
EndProject
Project("{8BC9CEB8-8B4A-11D0-8D11-00A0C91BC942}") = "Lab_2", "Project1\Project1.vcxproj", "{BCF22E93-EE85-4825-9BA2-086169F33F79}"
EndProject
Project("{8BC9CEB8-8B4A-11D0-8D11-00A0C91BC942}") = "Lab_3", "Lab_3\Lab_3.vcxproj", "{B708A008-CCD0-4DC0-B1C0-89DA3C685565}"
EndProject
Project("{8BC9CEB8-8B4A-11D0-8D11-00A0C91BC942}") = "Lab_4", "Lab_4\Lab_4.vcxproj", "{C3CB8313-BA39-4DB8-B47F-594DA9BB95A8}"
EndProject
Project("{8BC9CEB8-8B4A-11D0-8D11-00A0C91BC942}") = "Lab_5", "Lab_5\Lab_5.vcxproj", "{68F0D20D-9581-4F60-9F11-CA0374C0ACE7}"
EndProject
Project("{8BC9CEB8-8B4A-11D0-8D11-00A0C91BC942}") = "Lab_6", "Lab_6\Lab_6.vcxproj", "{67FB57B8-49AE-49AE-9268-CBE17B8FDA4B}"
EndProject
Project("{8BC9CEB8-8B4A-11D0-8D11-00A0C91BC942}") = "Lab_7", "Lab_7\Lab_7.vcxproj", "{FE9A1FA8-D86C-4D4B-A406-66314AD4B505}"
EndProject
Project("{8BC9CEB8-8B4A-11D0-8D11-00A0C91BC942}") = "qwer", "qwer\qwer.vcxproj", "{3E38F711-7B3C-4F62-8F2E-DF3DBB865A6D}"
EndProject
Project("{8BC9CEB8-8B4A-11D0-8D11-00A0C91BC942}") = "qwertyuio", "qwertyuio\qwertyuio.vcxproj", "{6DBFA8C2-C010-4B7A-93BB-1F8C5D72B175}"
EndProject
Project("{8BC9CEB8-8B4A-11D0-8D11-00A0C91BC942}") = "Lab_8", "Lab_8\Lab_8.vcxproj", "{558BB867-EF10-4C50-91DA-6CDEBAA92C6C}"
EndProject
Global
	GlobalSection(SolutionConfigurationPlatforms) = preSolution
		Debug|x64 = Debug|x64
		Debug|x86 = Debug|x86
		Release|x64 = Release|x64
		Release|x86 = Release|x86
	EndGlobalSection
	GlobalSection(ProjectConfigurationPlatforms) = postSolution
		{630BBFC1-9120-4175-B414-42E8873F9B74}.Debug|x64.ActiveCfg = Debug|x64
		{630BBFC1-9120-4175-B414-42E8873F9B74}.Debug|x64.Build.0 = Debug|x64
		{630BBFC1-9120-4175-B414-42E8873F9B74}.Debug|x86.ActiveCfg = Debug|Win32
		{630BBFC1-9120-4175-B414-42E8873F9B74}.Debug|x86.Build.0 = Debug|Win32
		{630BBFC1-9120-4175-B414-42E8873F9B74}.Release|x64.ActiveCfg = Release|x64
		{630BBFC1-9120-4175-B414-42E8873F9B74}.Release|x64.Build.0 = Release|x64
		{630BBFC1-9120-4175-B414-42E8873F9B74}.Release|x86.ActiveCfg = Release|Win32
		{630BBFC1-9120-4175-B414-42E8873F9B74}.Release|x86.Build.0 = Release|Win32
		{BCF22E93-EE85-4825-9BA2-086169F33F79}.Debug|x64.ActiveCfg = Debug|x64
		{BCF22E93-EE85-4825-9BA2-086169F33F79}.Debug|x64.Build.0 = Debug|x64
		{BCF22E93-EE85-4825-9BA2-086169F33F79}.Debug|x86.ActiveCfg = Debug|Win32
		{BCF22E93-EE85-4825-9BA2-086169F33F79}.Debug|x86.Build.0 = Debug|Win32
		{BCF22E93-EE85-4825-9BA2-086169F33F79}.Release|x64.ActiveCfg = Release|x64
		{BCF22E93-EE85-4825-9BA2-086169F33F79}.Release|x64.Build.0 = Release|x64
		{BCF22E93-EE85-4825-9BA2-086169F33F79}.Release|x86.ActiveCfg = Release|Win32
		{BCF22E93-EE85-4825-9BA2-086169F33F79}.Release|x86.Build.0 = Release|Win32
		{B708A008-CCD0-4DC0-B1C0-89DA3C685565}.Debug|x64.ActiveCfg = Debug|x64
		{B708A008-CCD0-4DC0-B1C0-89DA3C685565}.Debug|x64.Build.0 = Debug|x64
		{B708A008-CCD0-4DC0-B1C0-89DA3C685565}.Debug|x86.ActiveCfg = Debug|Win32
		{B708A008-CCD0-4DC0-B1C0-89DA3C685565}.Debug|x86.Build.0 = Debug|Win32
		{B708A008-CCD0-4DC0-B1C0-89DA3C685565}.Release|x64.ActiveCfg = Release|x64
		{B708A008-CCD0-4DC0-B1C0-89DA3C685565}.Release|x64.Build.0 = Release|x64
		{B708A008-CCD0-4DC0-B1C0-89DA3C685565}.Release|x86.ActiveCfg = Release|Win32
		{B708A008-CCD0-4DC0-B1C0-89DA3C685565}.Release|x86.Build.0 = Release|Win32
		{C3CB8313-BA39-4DB8-B47F-594DA9BB95A8}.Debug|x64.ActiveCfg = Debug|x64
		{C3CB8313-BA39-4DB8-B47F-594DA9BB95A8}.Debug|x64.Build.0 = Debug|x64
		{C3CB8313-BA39-4DB8-B47F-594DA9BB95A8}.Debug|x86.ActiveCfg = Debug|Win32
		{C3CB8313-BA39-4DB8-B47F-594DA9BB95A8}.Debug|x86.Build.0 = Debug|Win32
		{C3CB8313-BA39-4DB8-B47F-594DA9BB95A8}.Release|x64.ActiveCfg = Release|x64
		{C3CB8313-BA39-4DB8-B47F-594DA9BB95A8}.Release|x64.Build.0 = Release|x64
		{C3CB8313-BA39-4DB8-B47F-594DA9BB95A8}.Release|x86.ActiveCfg = Release|Win32
		{C3CB8313-BA39-4DB8-B47F-594DA9BB95A8}.Release|x86.Build.0 = Release|Win32
		{68F0D20D-9581-4F60-9F11-CA0374C0ACE7}.Debug|x64.ActiveCfg = Debug|x64
		{68F0D20D-9581-4F60-9F11-CA0374C0ACE7}.Debug|x64.Build.0 = Debug|x64
		{68F0D20D-9581-4F60-9F11-CA0374C0ACE7}.Debug|x86.ActiveCfg = Debug|Win32
		{68F0D20D-9581-4F60-9F11-CA0374C0ACE7}.Debug|x86.Build.0 = Debug|Win32
		{68F0D20D-9581-4F60-9F11-CA0374C0ACE7}.Release|x64.ActiveCfg = Release|x64
		{68F0D20D-9581-4F60-9F11-CA0374C0ACE7}.Release|x64.Build.0 = Release|x64
		{68F0D20D-9581-4F60-9F11-CA0374C0ACE7}.Release|x86.ActiveCfg = Release|Win32
		{68F0D20D-9581-4F60-9F11-CA0374C0ACE7}.Release|x86.Build.0 = Release|Win32
		{67FB57B8-49AE-49AE-9268-CBE17B8FDA4B}.Debug|x64.ActiveCfg = Debug|x64
		{67FB57B8-49AE-49AE-9268-CBE17B8FDA4B}.Debug|x64.Build.0 = Debug|x64
		{67FB57B8-49AE-49AE-9268-CBE17B8FDA4B}.Debug|x86.ActiveCfg = Debug|Win32
		{67FB57B8-49AE-49AE-9268-CBE17B8FDA4B}.Debug|x86.Build.0 = Debug|Win32
		{67FB57B8-49AE-49AE-9268-CBE17B8FDA4B}.Release|x64.ActiveCfg = Release|x64
		{67FB57B8-49AE-49AE-9268-CBE17B8FDA4B}.Release|x64.Build.0 = Release|x64
		{67FB57B8-49AE-49AE-9268-CBE17B8FDA4B}.Release|x86.ActiveCfg = Release|Win32
		{67FB57B8-49AE-49AE-9268-CBE17B8FDA4B}.Release|x86.Build.0 = Release|Win32
		{FE9A1FA8-D86C-4D4B-A406-66314AD4B505}.Debug|x64.ActiveCfg = Debug|x64
		{FE9A1FA8-D86C-4D4B-A406-66314AD4B505}.Debug|x64.Build.0 = Debug|x64
		{FE9A1FA8-D86C-4D4B-A406-66314AD4B505}.Debug|x86.ActiveCfg = Debug|Win32
		{FE9A1FA8-D86C-4D4B-A406-66314AD4B505}.Debug|x86.Build.0 = Debug|Win32
		{FE9A1FA8-D86C-4D4B-A406-66314AD4B505}.Release|x64.ActiveCfg = Release|x64
		{FE9A1FA8-D86C-4D4B-A406-66314AD4B505}.Release|x64.Build.0 = Release|x64
		{FE9A1FA8-D86C-4D4B-A406-66314AD4B505}.Release|x86.ActiveCfg = Release|Win32
		{FE9A1FA8-D86C-4D4B-A406-66314AD4B505}.Release|x86.Build.0 = Release|Win32
		{3E38F711-7B3C-4F62-8F2E-DF3DBB865A6D}.Debug|x64.ActiveCfg = Debug|x64
		{3E38F711-7B3C-4F62-8F2E-DF3DBB865A6D}.Debug|x64.Build.0 = Debug|x64
		{3E38F711-7B3C-4F62-8F2E-DF3DBB865A6D}.Debug|x86.ActiveCfg = Debug|Win32
		{3E38F711-7B3C-4F62-8F2E-DF3DBB865A6D}.Debug|x86.Build.0 = Debug|Win32
		{3E38F711-7B3C-4F62-8F2E-DF3DBB865A6D}.Release|x64.ActiveCfg = Release|x64
		{3E38F711-7B3C-4F62-8F2E-DF3DBB865A6D}.Release|x64.Build.0 = Release|x64
		{3E38F711-7B3C-4F62-8F2E-DF3DBB865A6D}.Release|x86.ActiveCfg = Release|Win32
		{3E38F711-7B3C-4F62-8F2E-DF3DBB865A6D}.Release|x86.Build.0 = Release|Win32
		{6DBFA8C2-C010-4B7A-93BB-1F8C5D72B175}.Debug|x64.ActiveCfg = Debug|x64
		{6DBFA8C2-C010-4B7A-93BB-1F8C5D72B175}.Debug|x64.Build.0 = Debug|x64
		{6DBFA8C2-C010-4B7A-93BB-1F8C5D72B175}.Debug|x86.ActiveCfg = Debug|Win32
		{6DBFA8C2-C010-4B7A-93BB-1F8C5D72B175}.Debug|x86.Build.0 = Debug|Win32
		{6DBFA8C2-C010-4B7A-93BB-1F8C5D72B175}.Release|x64.ActiveCfg = Release|x64
		{6DBFA8C2-C010-4B7A-93BB-1F8C5D72B175}.Release|x64.Build.0 = Release|x64
		{6DBFA8C2-C010-4B7A-93BB-1F8C5D72B175}.Release|x86.ActiveCfg = Release|Win32
		{6DBFA8C2-C010-4B7A-93BB-1F8C5D72B175}.Release|x86.Build.0 = Release|Win32
		{558BB867-EF10-4C50-91DA-6CDEBAA92C6C}.Debug|x64.ActiveCfg = Debug|x64
		{558BB867-EF10-4C50-91DA-6CDEBAA92C6C}.Debug|x64.Build.0 = Debug|x64
		{558BB867-EF10-4C50-91DA-6CDEBAA92C6C}.Debug|x86.ActiveCfg = Debug|Win32
		{558BB867-EF10-4C50-91DA-6CDEBAA92C6C}.Debug|x86.Build.0 = Debug|Win32
		{558BB867-EF10-4C50-91DA-6CDEBAA92C6C}.Release|x64.ActiveCfg = Release|x64
		{558BB867-EF10-4C50-91DA-6CDEBAA92C6C}.Release|x64.Build.0 = Release|x64
		{558BB867-EF10-4C50-91DA-6CDEBAA92C6C}.Release|x86.ActiveCfg = Release|Win32
		{558BB867-EF10-4C50-91DA-6CDEBAA92C6C}.Release|x86.Build.0 = Release|Win32
	EndGlobalSection
	GlobalSection(SolutionProperties) = preSolution
		HideSolutionNode = FALSE
	EndGlobalSection
	GlobalSection(ExtensibilityGlobals) = postSolution
		SolutionGuid = {DF5D3A1E-67CD-4CB9-B145-53C5D781E28E}
	EndGlobalSection
EndGlobal
